// !$*UTF8*$!
{
	archiveVersion = 1;
	classes = {
	};
	objectVersion = 46;
	objects = {

/* Begin PBXBuildFile section */
		387C2CFD1B90D21D0019EDD1 /* main.m in Sources */ = {isa = PBXBuildFile; fileRef = 387C2CFC1B90D21D0019EDD1 /* main.m */; };
		387C2D001B90D21D0019EDD1 /* AppDelegate.m in Sources */ = {isa = PBXBuildFile; fileRef = 387C2CFF1B90D21D0019EDD1 /* AppDelegate.m */; };
		387C2D031B90D21D0019EDD1 /* MainScreenViewController.m in Sources */ = {isa = PBXBuildFile; fileRef = 387C2D021B90D21D0019EDD1 /* MainScreenViewController.m */; };
		387C2D061B90D21D0019EDD1 /* Main.storyboard in Resources */ = {isa = PBXBuildFile; fileRef = 387C2D041B90D21D0019EDD1 /* Main.storyboard */; };
		387C2D081B90D21D0019EDD1 /* Assets.xcassets in Resources */ = {isa = PBXBuildFile; fileRef = 387C2D071B90D21D0019EDD1 /* Assets.xcassets */; };
		387C2D161B90D21E0019EDD1 /* iOSJSBridgeTests.m in Sources */ = {isa = PBXBuildFile; fileRef = 387C2D151B90D21E0019EDD1 /* iOSJSBridgeTests.m */; };
		389509121B9122E8002FEAB6 /* coach.js in Resources */ = {isa = PBXBuildFile; fileRef = 389509111B9122E8002FEAB6 /* coach.js */; };
/* End PBXBuildFile section */

/* Begin PBXContainerItemProxy section */
		387C2D121B90D21E0019EDD1 /* PBXContainerItemProxy */ = {
			isa = PBXContainerItemProxy;
			containerPortal = 387C2CF01B90D21D0019EDD1 /* Project object */;
			proxyType = 1;
			remoteGlobalIDString = 387C2CF71B90D21D0019EDD1;
			remoteInfo = iOSJSBridge;
		};
/* End PBXContainerItemProxy section */

/* Begin PBXFileReference section */
		387C2CF81B90D21D0019EDD1 /* iOSJSBridge.app */ = {isa = PBXFileReference; explicitFileType = wrapper.application; includeInIndex = 0; path = iOSJSBridge.app; sourceTree = BUILT_PRODUCTS_DIR; };
		387C2CFC1B90D21D0019EDD1 /* main.m */ = {isa = PBXFileReference; lastKnownFileType = sourcecode.c.objc; path = main.m; sourceTree = "<group>"; };
		387C2CFE1B90D21D0019EDD1 /* AppDelegate.h */ = {isa = PBXFileReference; lastKnownFileType = sourcecode.c.h; path = AppDelegate.h; sourceTree = "<group>"; };
		387C2CFF1B90D21D0019EDD1 /* AppDelegate.m */ = {isa = PBXFileReference; lastKnownFileType = sourcecode.c.objc; path = AppDelegate.m; sourceTree = "<group>"; };
		387C2D011B90D21D0019EDD1 /* MainScreenViewController.h */ = {isa = PBXFileReference; lastKnownFileType = sourcecode.c.h; path = MainScreenViewController.h; sourceTree = "<group>"; };
		387C2D021B90D21D0019EDD1 /* MainScreenViewController.m */ = {isa = PBXFileReference; lastKnownFileType = sourcecode.c.objc; path = MainScreenViewController.m; sourceTree = "<group>"; };
		387C2D051B90D21D0019EDD1 /* Base */ = {isa = PBXFileReference; lastKnownFileType = file.storyboard; name = Base; path = Base.lproj/Main.storyboard; sourceTree = "<group>"; };
		387C2D071B90D21D0019EDD1 /* Assets.xcassets */ = {isa = PBXFileReference; lastKnownFileType = folder.assetcatalog; path = Assets.xcassets; sourceTree = "<group>"; };
		387C2D0C1B90D21E0019EDD1 /* Info.plist */ = {isa = PBXFileReference; lastKnownFileType = text.plist.xml; path = Info.plist; sourceTree = "<group>"; };
		387C2D111B90D21E0019EDD1 /* iOSJSBridgeTests.xctest */ = {isa = PBXFileReference; explicitFileType = wrapper.cfbundle; includeInIndex = 0; path = iOSJSBridgeTests.xctest; sourceTree = BUILT_PRODUCTS_DIR; };
		387C2D151B90D21E0019EDD1 /* iOSJSBridgeTests.m */ = {isa = PBXFileReference; lastKnownFileType = sourcecode.c.objc; path = iOSJSBridgeTests.m; sourceTree = "<group>"; };
		387C2D171B90D21E0019EDD1 /* Info.plist */ = {isa = PBXFileReference; lastKnownFileType = text.plist.xml; path = Info.plist; sourceTree = "<group>"; };
		387C2D201B90D21E0019EDD1 /* iOSJSBridgeUITests.m */ = {isa = PBXFileReference; lastKnownFileType = sourcecode.c.objc; path = iOSJSBridgeUITests.m; sourceTree = "<group>"; };
		387C2D221B90D21E0019EDD1 /* Info.plist */ = {isa = PBXFileReference; lastKnownFileType = text.plist.xml; path = Info.plist; sourceTree = "<group>"; };
		389509111B9122E8002FEAB6 /* coach.js */ = {isa = PBXFileReference; fileEncoding = 4; lastKnownFileType = sourcecode.javascript; path = coach.js; sourceTree = "<group>"; };
/* End PBXFileReference section */

/* Begin PBXFrameworksBuildPhase section */
		387C2CF51B90D21D0019EDD1 /* Frameworks */ = {
			isa = PBXFrameworksBuildPhase;
			buildActionMask = 2147483647;
			files = (
			);
			runOnlyForDeploymentPostprocessing = 0;
		};
		387C2D0E1B90D21E0019EDD1 /* Frameworks */ = {
			isa = PBXFrameworksBuildPhase;
			buildActionMask = 2147483647;
			files = (
			);
			runOnlyForDeploymentPostprocessing = 0;
		};
/* End PBXFrameworksBuildPhase section */

/* Begin PBXGroup section */
		387C2CEF1B90D21D0019EDD1 = {
			isa = PBXGroup;
			children = (
				387C2CFA1B90D21D0019EDD1 /* iOSJSBridge */,
				387C2D141B90D21E0019EDD1 /* iOSJSBridgeTests */,
				387C2D1F1B90D21E0019EDD1 /* iOSJSBridgeUITests */,
				387C2CF91B90D21D0019EDD1 /* Products */,
			);
			sourceTree = "<group>";
		};
		387C2CF91B90D21D0019EDD1 /* Products */ = {
			isa = PBXGroup;
			children = (
				387C2CF81B90D21D0019EDD1 /* iOSJSBridge.app */,
				387C2D111B90D21E0019EDD1 /* iOSJSBridgeTests.xctest */,
			);
			name = Products;
			sourceTree = "<group>";
		};
		387C2CFA1B90D21D0019EDD1 /* iOSJSBridge */ = {
			isa = PBXGroup;
			children = (
				387C2CFE1B90D21D0019EDD1 /* AppDelegate.h */,
				387C2CFF1B90D21D0019EDD1 /* AppDelegate.m */,
				387C2D011B90D21D0019EDD1 /* MainScreenViewController.h */,
				387C2D021B90D21D0019EDD1 /* MainScreenViewController.m */,
				387C2D041B90D21D0019EDD1 /* Main.storyboard */,
				387C2D071B90D21D0019EDD1 /* Assets.xcassets */,
				387C2D0C1B90D21E0019EDD1 /* Info.plist */,
				387C2CFB1B90D21D0019EDD1 /* Supporting Files */,
			);
			path = iOSJSBridge;
			sourceTree = "<group>";
		};
		387C2CFB1B90D21D0019EDD1 /* Supporting Files */ = {
			isa = PBXGroup;
			children = (
				389509111B9122E8002FEAB6 /* coach.js */,
				387C2CFC1B90D21D0019EDD1 /* main.m */,
			);
			name = "Supporting Files";
			sourceTree = "<group>";
		};
		387C2D141B90D21E0019EDD1 /* iOSJSBridgeTests */ = {
			isa = PBXGroup;
			children = (
				387C2D151B90D21E0019EDD1 /* iOSJSBridgeTests.m */,
				387C2D171B90D21E0019EDD1 /* Info.plist */,
			);
			path = iOSJSBridgeTests;
			sourceTree = "<group>";
		};
		387C2D1F1B90D21E0019EDD1 /* iOSJSBridgeUITests */ = {
			isa = PBXGroup;
			children = (
				387C2D201B90D21E0019EDD1 /* iOSJSBridgeUITests.m */,
				387C2D221B90D21E0019EDD1 /* Info.plist */,
			);
			path = iOSJSBridgeUITests;
			sourceTree = "<group>";
		};
/* End PBXGroup section */

/* Begin PBXNativeTarget section */
		387C2CF71B90D21D0019EDD1 /* iOSJSBridge */ = {
			isa = PBXNativeTarget;
			buildConfigurationList = 387C2D251B90D21E0019EDD1 /* Build configuration list for PBXNativeTarget "iOSJSBridge" */;
			buildPhases = (
				387C2CF41B90D21D0019EDD1 /* Sources */,
				387C2CF51B90D21D0019EDD1 /* Frameworks */,
				387C2CF61B90D21D0019EDD1 /* Resources */,
			);
			buildRules = (
			);
			dependencies = (
			);
			name = iOSJSBridge;
			productName = iOSJSBridge;
			productReference = 387C2CF81B90D21D0019EDD1 /* iOSJSBridge.app */;
			productType = "com.apple.product-type.application";
		};
		387C2D101B90D21E0019EDD1 /* iOSJSBridgeTests */ = {
			isa = PBXNativeTarget;
			buildConfigurationList = 387C2D281B90D21E0019EDD1 /* Build configuration list for PBXNativeTarget "iOSJSBridgeTests" */;
			buildPhases = (
				387C2D0D1B90D21E0019EDD1 /* Sources */,
				387C2D0E1B90D21E0019EDD1 /* Frameworks */,
				387C2D0F1B90D21E0019EDD1 /* Resources */,
			);
			buildRules = (
			);
			dependencies = (
				387C2D131B90D21E0019EDD1 /* PBXTargetDependency */,
			);
			name = iOSJSBridgeTests;
			productName = iOSJSBridgeTests;
			productReference = 387C2D111B90D21E0019EDD1 /* iOSJSBridgeTests.xctest */;
			productType = "com.apple.product-type.bundle.unit-test";
		};
/* End PBXNativeTarget section */

/* Begin PBXProject section */
		387C2CF01B90D21D0019EDD1 /* Project object */ = {
			isa = PBXProject;
			attributes = {
				LastUpgradeCheck = 0700;
				ORGANIZATIONNAME = "LUMO Bodytech";
				TargetAttributes = {
					387C2CF71B90D21D0019EDD1 = {
						CreatedOnToolsVersion = 7.0;
					};
					387C2D101B90D21E0019EDD1 = {
						CreatedOnToolsVersion = 7.0;
						TestTargetID = 387C2CF71B90D21D0019EDD1;
					};
				};
			};
			buildConfigurationList = 387C2CF31B90D21D0019EDD1 /* Build configuration list for PBXProject "iOSJSBridge" */;
			compatibilityVersion = "Xcode 3.2";
			developmentRegion = English;
			hasScannedForEncodings = 0;
			knownRegions = (
				en,
				Base,
			);
			mainGroup = 387C2CEF1B90D21D0019EDD1;
			productRefGroup = 387C2CF91B90D21D0019EDD1 /* Products */;
			projectDirPath = "";
			projectRoot = "";
			targets = (
				387C2CF71B90D21D0019EDD1 /* iOSJSBridge */,
				387C2D101B90D21E0019EDD1 /* iOSJSBridgeTests */,
			);
		};
/* End PBXProject section */

/* Begin PBXResourcesBuildPhase section */
		387C2CF61B90D21D0019EDD1 /* Resources */ = {
			isa = PBXResourcesBuildPhase;
			buildActionMask = 2147483647;
			files = (
				389509121B9122E8002FEAB6 /* coach.js in Resources */,
				387C2D081B90D21D0019EDD1 /* Assets.xcassets in Resources */,
				387C2D061B90D21D0019EDD1 /* Main.storyboard in Resources */,
			);
			runOnlyForDeploymentPostprocessing = 0;
		};
		387C2D0F1B90D21E0019EDD1 /* Resources */ = {
			isa = PBXResourcesBuildPhase;
			buildActionMask = 2147483647;
			files = (
			);
			runOnlyForDeploymentPostprocessing = 0;
		};
/* End PBXResourcesBuildPhase section */

/* Begin PBXSourcesBuildPhase section */
		387C2CF41B90D21D0019EDD1 /* Sources */ = {
			isa = PBXSourcesBuildPhase;
			buildActionMask = 2147483647;
			files = (
				387C2D031B90D21D0019EDD1 /* MainScreenViewController.m in Sources */,
				387C2D001B90D21D0019EDD1 /* AppDelegate.m in Sources */,
				387C2CFD1B90D21D0019EDD1 /* main.m in Sources */,
			);
			runOnlyForDeploymentPostprocessing = 0;
		};
		387C2D0D1B90D21E0019EDD1 /* Sources */ = {
			isa = PBXSourcesBuildPhase;
			buildActionMask = 2147483647;
			files = (
				387C2D161B90D21E0019EDD1 /* iOSJSBridgeTests.m in Sources */,
			);
			runOnlyForDeploymentPostprocessing = 0;
		};
/* End PBXSourcesBuildPhase section */

/* Begin PBXTargetDependency section */
		387C2D131B90D21E0019EDD1 /* PBXTargetDependency */ = {
			isa = PBXTargetDependency;
			target = 387C2CF71B90D21D0019EDD1 /* iOSJSBridge */;
			targetProxy = 387C2D121B90D21E0019EDD1 /* PBXContainerItemProxy */;
		};
/* End PBXTargetDependency section */

/* Begin PBXVariantGroup section */
		387C2D041B90D21D0019EDD1 /* Main.storyboard */ = {
			isa = PBXVariantGroup;
			children = (
				387C2D051B90D21D0019EDD1 /* Base */,
			);
			name = Main.storyboard;
			sourceTree = "<group>";
		};
/* End PBXVariantGroup section */

/* Begin XCBuildConfiguration section */
		387C2D231B90D21E0019EDD1 /* Debug */ = {
			isa = XCBuildConfiguration;
			buildSettings = {
				ALWAYS_SEARCH_USER_PATHS = NO;
				CLANG_CXX_LANGUAGE_STANDARD = "gnu++0x";
				CLANG_CXX_LIBRARY = "libc++";
				CLANG_ENABLE_MODULES = YES;
				CLANG_ENABLE_OBJC_ARC = YES;
				CLANG_WARN_BOOL_CONVERSION = YES;
				CLANG_WARN_CONSTANT_CONVERSION = YES;
				CLANG_WARN_DIRECT_OBJC_ISA_USAGE = YES_ERROR;
				CLANG_WARN_EMPTY_BODY = YES;
				CLANG_WARN_ENUM_CONVERSION = YES;
				CLANG_WARN_INT_CONVERSION = YES;
				CLANG_WARN_OBJC_ROOT_CLASS = YES_ERROR;
				CLANG_WARN_UNREACHABLE_CODE = YES;
				CLANG_WARN__DUPLICATE_METHOD_MATCH = YES;
				"CODE_SIGN_IDENTITY[sdk=iphoneos*]" = "iPhone Developer";
				COPY_PHASE_STRIP = NO;
				DEBUG_INFORMATION_FORMAT = dwarf;
				ENABLE_STRICT_OBJC_MSGSEND = YES;
				ENABLE_TESTABILITY = YES;
				GCC_C_LANGUAGE_STANDARD = gnu99;
				GCC_DYNAMIC_NO_PIC = NO;
				GCC_NO_COMMON_BLOCKS = YES;
				GCC_OPTIMIZATION_LEVEL = 0;
				GCC_PREPROCESSOR_DEFINITIONS = (
					"DEBUG=1",
					"$(inherited)",
				);
				GCC_WARN_64_TO_32_BIT_CONVERSION = YES;
				GCC_WARN_ABOUT_RETURN_TYPE = YES_ERROR;
				GCC_WARN_UNDECLARED_SELECTOR = YES;
				GCC_WARN_UNINITIALIZED_AUTOS = YES_AGGRESSIVE;
				GCC_WARN_UNUSED_FUNCTION = YES;
				GCC_WARN_UNUSED_VARIABLE = YES;
				IPHONEOS_DEPLOYMENT_TARGET = 8.2;
				MTL_ENABLE_DEBUG_INFO = YES;
				ONLY_ACTIVE_ARCH = YES;
				SDKROOT = iphoneos;
				TARGETED_DEVICE_FAMILY = "1,2";
			};
			name = Debug;
		};
		387C2D241B90D21E0019EDD1 /* Release */ = {
			isa = XCBuildConfiguration;
			buildSettings = {
				ALWAYS_SEARCH_USER_PATHS = NO;
				CLANG_CXX_LANGUAGE_STANDARD = "gnu++0x";
				CLANG_CXX_LIBRARY = "libc++";
				CLANG_ENABLE_MODULES = YES;
				CLANG_ENABLE_OBJC_ARC = YES;
				CLANG_WARN_BOOL_CONVERSION = YES;
				CLANG_WARN_CONSTANT_CONVERSION = YES;
				CLANG_WARN_DIRECT_OBJC_ISA_USAGE = YES_ERROR;
				CLANG_WARN_EMPTY_BODY = YES;
				CLANG_WARN_ENUM_CONVERSION = YES;
				CLANG_WARN_INT_CONVERSION = YES;
				CLANG_WARN_OBJC_ROOT_CLASS = YES_ERROR;
				CLANG_WARN_UNREACHABLE_CODE = YES;
				CLANG_WARN__DUPLICATE_METHOD_MATCH = YES;
				"CODE_SIGN_IDENTITY[sdk=iphoneos*]" = "iPhone Developer";
				COPY_PHASE_STRIP = NO;
				DEBUG_INFORMATION_FORMAT = "dwarf-with-dsym";
				ENABLE_NS_ASSERTIONS = NO;
				ENABLE_STRICT_OBJC_MSGSEND = YES;
				GCC_C_LANGUAGE_STANDARD = gnu99;
				GCC_NO_COMMON_BLOCKS = YES;
				GCC_WARN_64_TO_32_BIT_CONVERSION = YES;
				GCC_WARN_ABOUT_RETURN_TYPE = YES_ERROR;
				GCC_WARN_UNDECLARED_SELECTOR = YES;
				GCC_WARN_UNINITIALIZED_AUTOS = YES_AGGRESSIVE;
				GCC_WARN_UNUSED_FUNCTION = YES;
				GCC_WARN_UNUSED_VARIABLE = YES;
				IPHONEOS_DEPLOYMENT_TARGET = 8.2;
				MTL_ENABLE_DEBUG_INFO = NO;
				SDKROOT = iphoneos;
				TARGETED_DEVICE_FAMILY = "1,2";
				VALIDATE_PRODUCT = YES;
			};
			name = Release;
		};
		387C2D261B90D21E0019EDD1 /* Debug */ = {
			isa = XCBuildConfiguration;
			buildSettings = {
				ASSETCATALOG_COMPILER_APPICON_NAME = AppIcon;
				INFOPLIST_FILE = iOSJSBridge/Info.plist;
				IPHONEOS_DEPLOYMENT_TARGET = 8.4;
				LD_RUNPATH_SEARCH_PATHS = "$(inherited) @executable_path/Frameworks";
				PRODUCT_BUNDLE_IDENTIFIER = com.niladribora.iOSJSBridge;
				PRODUCT_NAME = "$(TARGET_NAME)";
			};
			name = Debug;
		};
		387C2D271B90D21E0019EDD1 /* Release */ = {
			isa = XCBuildConfiguration;
			buildSettings = {
				ASSETCATALOG_COMPILER_APPICON_NAME = AppIcon;
				INFOPLIST_FILE = iOSJSBridge/Info.plist;
				IPHONEOS_DEPLOYMENT_TARGET = 8.4;
				LD_RUNPATH_SEARCH_PATHS = "$(inherited) @executable_path/Frameworks";
				PRODUCT_BUNDLE_IDENTIFIER = com.niladribora.iOSJSBridge;
				PRODUCT_NAME = "$(TARGET_NAME)";
			};
			name = Release;
		};
		387C2D291B90D21E0019EDD1 /* Debug */ = {
			isa = XCBuildConfiguration;
			buildSettings = {
				BUNDLE_LOADER = "$(TEST_HOST)";
				INFOPLIST_FILE = iOSJSBridgeTests/Info.plist;
				LD_RUNPATH_SEARCH_PATHS = "$(inherited) @executable_path/Frameworks @loader_path/Frameworks";
				PRODUCT_BUNDLE_IDENTIFIER = com.niladribora.iOSJSBridgeTests;
				PRODUCT_NAME = "$(TARGET_NAME)";
				TEST_HOST = "$(BUILT_PRODUCTS_DIR)/iOSJSBridge.app/iOSJSBridge";
			};
			name = Debug;
		};
		387C2D2A1B90D21E0019EDD1 /* Release */ = {
			isa = XCBuildConfiguration;
			buildSettings = {
				BUNDLE_LOADER = "$(TEST_HOST)";
				INFOPLIST_FILE = iOSJSBridgeTests/Info.plist;
				LD_RUNPATH_SEARCH_PATHS = "$(inherited) @executable_path/Frameworks @loader_path/Frameworks";
				PRODUCT_BUNDLE_IDENTIFIER = com.niladribora.iOSJSBridgeTests;
				PRODUCT_NAME = "$(TARGET_NAME)";
				TEST_HOST = "$(BUILT_PRODUCTS_DIR)/iOSJSBridge.app/iOSJSBridge";
			};
			name = Release;
		};
/* End XCBuildConfiguration section */

/* Begin XCConfigurationList section */
		387C2CF31B90D21D0019EDD1 /* Build configuration list for PBXProject "iOSJSBridge" */ = {
			isa = XCConfigurationList;
			buildConfigurations = (
				387C2D231B90D21E0019EDD1 /* Debug */,
				387C2D241B90D21E0019EDD1 /* Release */,
			);
			defaultConfigurationIsVisible = 0;
			defaultConfigurationName = Release;
		};
		387C2D251B90D21E0019EDD1 /* Build configuration list for PBXNativeTarget "iOSJSBridge" */ = {
			isa = XCConfigurationList;
			buildConfigurations = (
				387C2D261B90D21E0019EDD1 /* Debug */,
				387C2D271B90D21E0019EDD1 /* Release */,
			);
			defaultConfigurationIsVisible = 0;
			defaultConfigurationName = Release;
		};
		387C2D281B90D21E0019EDD1 /* Build configuration list for PBXNativeTarget "iOSJSBridgeTests" */ = {
			isa = XCConfigurationList;
			buildConfigurations = (
				387C2D291B90D21E0019EDD1 /* Debug */,
				387C2D2A1B90D21E0019EDD1 /* Release */,
			);
			defaultConfigurationIsVisible = 0;
			defaultConfigurationName = Release;
		};
/* End XCConfigurationList section */
	};
	rootObject = 387C2CF01B90D21D0019EDD1 /* Project object */;
}
